// !$*UTF8*$!
{
	archiveVersion = 1;
	classes = {
	};
	objectVersion = 56;
	objects = {

/* Begin PBXBuildFile section */
		664714F0290BA23200B097B2 /* SendScreen.swift in Sources */ = {isa = PBXBuildFile; fileRef = 664714EF290BA23200B097B2 /* SendScreen.swift */; };
		664714F2290BA30D00B097B2 /* ContentView.swift in Sources */ = {isa = PBXBuildFile; fileRef = 664714F1290BA30C00B097B2 /* ContentView.swift */; };
		664714F4290BA43B00B097B2 /* SWAP.swift in Sources */ = {isa = PBXBuildFile; fileRef = 664714F3290BA43B00B097B2 /* SWAP.swift */; };
		66626738290CA3DF00FECA26 /* Settings.swift in Sources */ = {isa = PBXBuildFile; fileRef = 66626737290CA3DF00FECA26 /* Settings.swift */; };
		6662673A290CB3B700FECA26 /* Contacts.swift in Sources */ = {isa = PBXBuildFile; fileRef = 66626739290CB3B700FECA26 /* Contacts.swift */; };
		6662673C290CB4D200FECA26 /* Ledger.swift in Sources */ = {isa = PBXBuildFile; fileRef = 6662673B290CB4D200FECA26 /* Ledger.swift */; };
		6662673E290CB56B00FECA26 /* DAppStore.swift in Sources */ = {isa = PBXBuildFile; fileRef = 6662673D290CB56B00FECA26 /* DAppStore.swift */; };
		66626740290CB5ED00FECA26 /* Wallets.swift in Sources */ = {isa = PBXBuildFile; fileRef = 6662673F290CB5ED00FECA26 /* Wallets.swift */; };
		66626742290CF0E200FECA26 /* OmniBarWallet.swift in Sources */ = {isa = PBXBuildFile; fileRef = 66626741290CF0E200FECA26 /* OmniBarWallet.swift */; };
		66626745290DA65400FECA26 /* onStore.xcdatamodeld in Sources */ = {isa = PBXBuildFile; fileRef = 66626743290DA65400FECA26 /* onStore.xcdatamodeld */; };
		66FB6423291052C9004B2E0A /* Wallet_Contacts.swift in Sources */ = {isa = PBXBuildFile; fileRef = 66FB6422291052C9004B2E0A /* Wallet_Contacts.swift */; };
		D35D365929037FFC0045B942 /* CoinClubCryptoApp.swift in Sources */ = {isa = PBXBuildFile; fileRef = D35D365829037FFC0045B942 /* CoinClubCryptoApp.swift */; };
		D35D365D29037FFF0045B942 /* Assets.xcassets in Resources */ = {isa = PBXBuildFile; fileRef = D35D365C29037FFF0045B942 /* Assets.xcassets */; };
		D35D366129037FFF0045B942 /* Preview Assets.xcassets in Resources */ = {isa = PBXBuildFile; fileRef = D35D366029037FFF0045B942 /* Preview Assets.xcassets */; };
/* End PBXBuildFile section */

/* Begin PBXFileReference section */
		664714EF290BA23200B097B2 /* SendScreen.swift */ = {isa = PBXFileReference; lastKnownFileType = sourcecode.swift; path = SendScreen.swift; sourceTree = "<group>"; };
		664714F1290BA30C00B097B2 /* ContentView.swift */ = {isa = PBXFileReference; fileEncoding = 4; lastKnownFileType = sourcecode.swift; path = ContentView.swift; sourceTree = "<group>"; };
		664714F3290BA43B00B097B2 /* SWAP.swift */ = {isa = PBXFileReference; lastKnownFileType = sourcecode.swift; path = SWAP.swift; sourceTree = "<group>"; };
		66626737290CA3DF00FECA26 /* Settings.swift */ = {isa = PBXFileReference; lastKnownFileType = sourcecode.swift; path = Settings.swift; sourceTree = "<group>"; };
		66626739290CB3B700FECA26 /* Contacts.swift */ = {isa = PBXFileReference; lastKnownFileType = sourcecode.swift; path = Contacts.swift; sourceTree = "<group>"; };
		6662673B290CB4D200FECA26 /* Ledger.swift */ = {isa = PBXFileReference; lastKnownFileType = sourcecode.swift; path = Ledger.swift; sourceTree = "<group>"; };
		6662673D290CB56B00FECA26 /* DAppStore.swift */ = {isa = PBXFileReference; lastKnownFileType = sourcecode.swift; path = DAppStore.swift; sourceTree = "<group>"; };
		6662673F290CB5ED00FECA26 /* Wallets.swift */ = {isa = PBXFileReference; lastKnownFileType = sourcecode.swift; path = Wallets.swift; sourceTree = "<group>"; };
		66626741290CF0E200FECA26 /* OmniBarWallet.swift */ = {isa = PBXFileReference; lastKnownFileType = sourcecode.swift; path = OmniBarWallet.swift; sourceTree = "<group>"; };
		66626744290DA65400FECA26 /* walletDB.xcdatamodel */ = {isa = PBXFileReference; lastKnownFileType = wrapper.xcdatamodel; path = walletDB.xcdatamodel; sourceTree = "<group>"; };
		66FB6422291052C9004B2E0A /* Wallet_Contacts.swift */ = {isa = PBXFileReference; lastKnownFileType = sourcecode.swift; path = Wallet_Contacts.swift; sourceTree = "<group>"; };
		D35D365529037FFC0045B942 /* CoinClubCrypto.app */ = {isa = PBXFileReference; explicitFileType = wrapper.application; includeInIndex = 0; path = CoinClubCrypto.app; sourceTree = BUILT_PRODUCTS_DIR; };
		D35D365829037FFC0045B942 /* CoinClubCryptoApp.swift */ = {isa = PBXFileReference; lastKnownFileType = sourcecode.swift; path = CoinClubCryptoApp.swift; sourceTree = "<group>"; };
		D35D365C29037FFF0045B942 /* Assets.xcassets */ = {isa = PBXFileReference; lastKnownFileType = folder.assetcatalog; path = Assets.xcassets; sourceTree = "<group>"; };
		D35D365E29037FFF0045B942 /* CoinClubCrypto.entitlements */ = {isa = PBXFileReference; lastKnownFileType = text.plist.entitlements; path = CoinClubCrypto.entitlements; sourceTree = "<group>"; };
		D35D366029037FFF0045B942 /* Preview Assets.xcassets */ = {isa = PBXFileReference; lastKnownFileType = folder.assetcatalog; path = "Preview Assets.xcassets"; sourceTree = "<group>"; };
/* End PBXFileReference section */

/* Begin PBXFrameworksBuildPhase section */
		D35D365229037FFC0045B942 /* Frameworks */ = {
			isa = PBXFrameworksBuildPhase;
			buildActionMask = 2147483647;
			files = (
			);
			runOnlyForDeploymentPostprocessing = 0;
		};
/* End PBXFrameworksBuildPhase section */

/* Begin PBXGroup section */
		664714EA290BA16D00B097B2 /* Wallets */ = {
			isa = PBXGroup;
			children = (
				664714EF290BA23200B097B2 /* SendScreen.swift */,
				6662673F290CB5ED00FECA26 /* Wallets.swift */,
				66626741290CF0E200FECA26 /* OmniBarWallet.swift */,
			);
			path = Wallets;
			sourceTree = "<group>";
		};
		664714EB290BA18000B097B2 /* DApps */ = {
			isa = PBXGroup;
			children = (
				664714F3290BA43B00B097B2 /* SWAP.swift */,
				6662673D290CB56B00FECA26 /* DAppStore.swift */,
			);
			path = DApps;
			sourceTree = "<group>";
		};
		664714EC290BA1A000B097B2 /* Ledger */ = {
			isa = PBXGroup;
			children = (
				6662673B290CB4D200FECA26 /* Ledger.swift */,
			);
			path = Ledger;
			sourceTree = "<group>";
		};
		664714ED290BA1A700B097B2 /* Contacts */ = {
			isa = PBXGroup;
			children = (
				66626739290CB3B700FECA26 /* Contacts.swift */,
			);
			path = Contacts;
			sourceTree = "<group>";
		};
		664714EE290BA1B600B097B2 /* Settings */ = {
			isa = PBXGroup;
			children = (
				66626737290CA3DF00FECA26 /* Settings.swift */,
			);
			path = Settings;
			sourceTree = "<group>";
		};
		66FB642129105284004B2E0A /* CoreData */ = {
			isa = PBXGroup;
			children = (
				66626743290DA65400FECA26 /* onStore.xcdatamodeld */,
				66FB6422291052C9004B2E0A /* Wallet_Contacts.swift */,
			);
			path = CoreData;
			sourceTree = "<group>";
		};
		D35D364C29037FFC0045B942 = {
			isa = PBXGroup;
			children = (
				D35D365729037FFC0045B942 /* CoinClubCrypto */,
				D35D365629037FFC0045B942 /* Products */,
			);
			sourceTree = "<group>";
		};
		D35D365629037FFC0045B942 /* Products */ = {
			isa = PBXGroup;
			children = (
				D35D365529037FFC0045B942 /* CoinClubCrypto.app */,
			);
			name = Products;
			sourceTree = "<group>";
		};
		D35D365729037FFC0045B942 /* CoinClubCrypto */ = {
			isa = PBXGroup;
			children = (
				664714F1290BA30C00B097B2 /* ContentView.swift */,
				D35D365829037FFC0045B942 /* CoinClubCryptoApp.swift */,
				66FB642129105284004B2E0A /* CoreData */,
				664714EA290BA16D00B097B2 /* Wallets */,
				664714EC290BA1A000B097B2 /* Ledger */,
				664714EB290BA18000B097B2 /* DApps */,
				664714ED290BA1A700B097B2 /* Contacts */,
				664714EE290BA1B600B097B2 /* Settings */,
				D35D365C29037FFF0045B942 /* Assets.xcassets */,
				D35D365E29037FFF0045B942 /* CoinClubCrypto.entitlements */,
				D35D365F29037FFF0045B942 /* Preview Content */,
			);
			path = CoinClubCrypto;
			sourceTree = "<group>";
		};
		D35D365F29037FFF0045B942 /* Preview Content */ = {
			isa = PBXGroup;
			children = (
				D35D366029037FFF0045B942 /* Preview Assets.xcassets */,
			);
			path = "Preview Content";
			sourceTree = "<group>";
		};
/* End PBXGroup section */

/* Begin PBXNativeTarget section */
		D35D365429037FFC0045B942 /* CoinClubCrypto */ = {
			isa = PBXNativeTarget;
			buildConfigurationList = D35D366429037FFF0045B942 /* Build configuration list for PBXNativeTarget "CoinClubCrypto" */;
			buildPhases = (
				D35D365129037FFC0045B942 /* Sources */,
				D35D365229037FFC0045B942 /* Frameworks */,
				D35D365329037FFC0045B942 /* Resources */,
			);
			buildRules = (
			);
			dependencies = (
			);
			name = CoinClubCrypto;
			productName = CoinClubCrypto;
			productReference = D35D365529037FFC0045B942 /* CoinClubCrypto.app */;
			productType = "com.apple.product-type.application";
		};
/* End PBXNativeTarget section */

/* Begin PBXProject section */
		D35D364D29037FFC0045B942 /* Project object */ = {
			isa = PBXProject;
			attributes = {
				BuildIndependentTargetsInParallel = 1;
				LastSwiftUpdateCheck = 1400;
				LastUpgradeCheck = 1400;
				TargetAttributes = {
					D35D365429037FFC0045B942 = {
						CreatedOnToolsVersion = 14.0.1;
					};
				};
			};
			buildConfigurationList = D35D365029037FFC0045B942 /* Build configuration list for PBXProject "CoinClubCrypto" */;
			compatibilityVersion = "Xcode 14.0";
			developmentRegion = en;
			hasScannedForEncodings = 0;
			knownRegions = (
				en,
				Base,
			);
			mainGroup = D35D364C29037FFC0045B942;
			productRefGroup = D35D365629037FFC0045B942 /* Products */;
			projectDirPath = "";
			projectRoot = "";
			targets = (
				D35D365429037FFC0045B942 /* CoinClubCrypto */,
			);
		};
/* End PBXProject section */

/* Begin PBXResourcesBuildPhase section */
		D35D365329037FFC0045B942 /* Resources */ = {
			isa = PBXResourcesBuildPhase;
			buildActionMask = 2147483647;
			files = (
				D35D366129037FFF0045B942 /* Preview Assets.xcassets in Resources */,
				D35D365D29037FFF0045B942 /* Assets.xcassets in Resources */,
			);
			runOnlyForDeploymentPostprocessing = 0;
		};
/* End PBXResourcesBuildPhase section */

/* Begin PBXSourcesBuildPhase section */
		D35D365129037FFC0045B942 /* Sources */ = {
			isa = PBXSourcesBuildPhase;
			buildActionMask = 2147483647;
			files = (
				664714F4290BA43B00B097B2 /* SWAP.swift in Sources */,
				664714F0290BA23200B097B2 /* SendScreen.swift in Sources */,
				6662673A290CB3B700FECA26 /* Contacts.swift in Sources */,
				D35D365929037FFC0045B942 /* CoinClubCryptoApp.swift in Sources */,
				6662673E290CB56B00FECA26 /* DAppStore.swift in Sources */,
				66626740290CB5ED00FECA26 /* Wallets.swift in Sources */,
				6662673C290CB4D200FECA26 /* Ledger.swift in Sources */,
				66FB6423291052C9004B2E0A /* Wallet_Contacts.swift in Sources */,
				66626745290DA65400FECA26 /* onStore.xcdatamodeld in Sources */,
				664714F2290BA30D00B097B2 /* ContentView.swift in Sources */,
				66626738290CA3DF00FECA26 /* Settings.swift in Sources */,
				66626742290CF0E200FECA26 /* OmniBarWallet.swift in Sources */,
			);
			runOnlyForDeploymentPostprocessing = 0;
		};
/* End PBXSourcesBuildPhase section */

/* Begin XCBuildConfiguration section */
		D35D366229037FFF0045B942 /* Debug */ = {
			isa = XCBuildConfiguration;
			buildSettings = {
				ALWAYS_SEARCH_USER_PATHS = NO;
				CLANG_ANALYZER_NONNULL = YES;
				CLANG_ANALYZER_NUMBER_OBJECT_CONVERSION = YES_AGGRESSIVE;
				CLANG_CXX_LANGUAGE_STANDARD = "gnu++20";
				CLANG_ENABLE_MODULES = YES;
				CLANG_ENABLE_OBJC_ARC = YES;
				CLANG_ENABLE_OBJC_WEAK = YES;
				CLANG_WARN_BLOCK_CAPTURE_AUTORELEASING = YES;
				CLANG_WARN_BOOL_CONVERSION = YES;
				CLANG_WARN_COMMA = YES;
				CLANG_WARN_CONSTANT_CONVERSION = YES;
				CLANG_WARN_DEPRECATED_OBJC_IMPLEMENTATIONS = YES;
				CLANG_WARN_DIRECT_OBJC_ISA_USAGE = YES_ERROR;
				CLANG_WARN_DOCUMENTATION_COMMENTS = YES;
				CLANG_WARN_EMPTY_BODY = YES;
				CLANG_WARN_ENUM_CONVERSION = YES;
				CLANG_WARN_INFINITE_RECURSION = YES;
				CLANG_WARN_INT_CONVERSION = YES;
				CLANG_WARN_NON_LITERAL_NULL_CONVERSION = YES;
				CLANG_WARN_OBJC_IMPLICIT_RETAIN_SELF = YES;
				CLANG_WARN_OBJC_LITERAL_CONVERSION = YES;
				CLANG_WARN_OBJC_ROOT_CLASS = YES_ERROR;
				CLANG_WARN_QUOTED_INCLUDE_IN_FRAMEWORK_HEADER = YES;
				CLANG_WARN_RANGE_LOOP_ANALYSIS = YES;
				CLANG_WARN_STRICT_PROTOTYPES = YES;
				CLANG_WARN_SUSPICIOUS_MOVE = YES;
				CLANG_WARN_UNGUARDED_AVAILABILITY = YES_AGGRESSIVE;
				CLANG_WARN_UNREACHABLE_CODE = YES;
				CLANG_WARN__DUPLICATE_METHOD_MATCH = YES;
				COPY_PHASE_STRIP = NO;
				DEBUG_INFORMATION_FORMAT = dwarf;
				ENABLE_STRICT_OBJC_MSGSEND = YES;
				ENABLE_TESTABILITY = YES;
				GCC_C_LANGUAGE_STANDARD = gnu11;
				GCC_DYNAMIC_NO_PIC = NO;
				GCC_NO_COMMON_BLOCKS = YES;
				GCC_OPTIMIZATION_LEVEL = 0;
				GCC_PREPROCESSOR_DEFINITIONS = (
					"DEBUG=1",
					"$(inherited)",
				);
				GCC_WARN_64_TO_32_BIT_CONVERSION = YES;
				GCC_WARN_ABOUT_RETURN_TYPE = YES_ERROR;
				GCC_WARN_UNDECLARED_SELECTOR = YES;
				GCC_WARN_UNINITIALIZED_AUTOS = YES_AGGRESSIVE;
				GCC_WARN_UNUSED_FUNCTION = YES;
				GCC_WARN_UNUSED_VARIABLE = YES;
				MTL_ENABLE_DEBUG_INFO = INCLUDE_SOURCE;
				MTL_FAST_MATH = YES;
				ONLY_ACTIVE_ARCH = YES;
				SWIFT_ACTIVE_COMPILATION_CONDITIONS = DEBUG;
				SWIFT_OPTIMIZATION_LEVEL = "-Onone";
			};
			name = Debug;
		};
		D35D366329037FFF0045B942 /* Release */ = {
			isa = XCBuildConfiguration;
			buildSettings = {
				ALWAYS_SEARCH_USER_PATHS = NO;
				CLANG_ANALYZER_NONNULL = YES;
				CLANG_ANALYZER_NUMBER_OBJECT_CONVERSION = YES_AGGRESSIVE;
				CLANG_CXX_LANGUAGE_STANDARD = "gnu++20";
				CLANG_ENABLE_MODULES = YES;
				CLANG_ENABLE_OBJC_ARC = YES;
				CLANG_ENABLE_OBJC_WEAK = YES;
				CLANG_WARN_BLOCK_CAPTURE_AUTORELEASING = YES;
				CLANG_WARN_BOOL_CONVERSION = YES;
				CLANG_WARN_COMMA = YES;
				CLANG_WARN_CONSTANT_CONVERSION = YES;
				CLANG_WARN_DEPRECATED_OBJC_IMPLEMENTATIONS = YES;
				CLANG_WARN_DIRECT_OBJC_ISA_USAGE = YES_ERROR;
				CLANG_WARN_DOCUMENTATION_COMMENTS = YES;
				CLANG_WARN_EMPTY_BODY = YES;
				CLANG_WARN_ENUM_CONVERSION = YES;
				CLANG_WARN_INFINITE_RECURSION = YES;
				CLANG_WARN_INT_CONVERSION = YES;
				CLANG_WARN_NON_LITERAL_NULL_CONVERSION = YES;
				CLANG_WARN_OBJC_IMPLICIT_RETAIN_SELF = YES;
				CLANG_WARN_OBJC_LITERAL_CONVERSION = YES;
				CLANG_WARN_OBJC_ROOT_CLASS = YES_ERROR;
				CLANG_WARN_QUOTED_INCLUDE_IN_FRAMEWORK_HEADER = YES;
				CLANG_WARN_RANGE_LOOP_ANALYSIS = YES;
				CLANG_WARN_STRICT_PROTOTYPES = YES;
				CLANG_WARN_SUSPICIOUS_MOVE = YES;
				CLANG_WARN_UNGUARDED_AVAILABILITY = YES_AGGRESSIVE;
				CLANG_WARN_UNREACHABLE_CODE = YES;
				CLANG_WARN__DUPLICATE_METHOD_MATCH = YES;
				COPY_PHASE_STRIP = NO;
				DEBUG_INFORMATION_FORMAT = "dwarf-with-dsym";
				ENABLE_NS_ASSERTIONS = NO;
				ENABLE_STRICT_OBJC_MSGSEND = YES;
				GCC_C_LANGUAGE_STANDARD = gnu11;
				GCC_NO_COMMON_BLOCKS = YES;
				GCC_WARN_64_TO_32_BIT_CONVERSION = YES;
				GCC_WARN_ABOUT_RETURN_TYPE = YES_ERROR;
				GCC_WARN_UNDECLARED_SELECTOR = YES;
				GCC_WARN_UNINITIALIZED_AUTOS = YES_AGGRESSIVE;
				GCC_WARN_UNUSED_FUNCTION = YES;
				GCC_WARN_UNUSED_VARIABLE = YES;
				MTL_ENABLE_DEBUG_INFO = NO;
				MTL_FAST_MATH = YES;
				SWIFT_COMPILATION_MODE = wholemodule;
				SWIFT_OPTIMIZATION_LEVEL = "-O";
			};
			name = Release;
		};
		D35D366529037FFF0045B942 /* Debug */ = {
			isa = XCBuildConfiguration;
			buildSettings = {
				ASSETCATALOG_COMPILER_APPICON_NAME = AppIcon;
				ASSETCATALOG_COMPILER_GLOBAL_ACCENT_COLOR_NAME = AccentColor;
				CODE_SIGN_ENTITLEMENTS = CoinClubCrypto/CoinClubCrypto.entitlements;
				CODE_SIGN_IDENTITY = "Apple Development";
				CODE_SIGN_STYLE = Automatic;
				CURRENT_PROJECT_VERSION = 1;
				DEVELOPMENT_ASSET_PATHS = "\"CoinClubCrypto/Preview Content\"";
				DEVELOPMENT_TEAM = 4LU2RYBLDG;
				ENABLE_HARDENED_RUNTIME = YES;
				ENABLE_PREVIEWS = YES;
				GENERATE_INFOPLIST_FILE = YES;
				INFOPLIST_KEY_CFBundleDisplayName = CoinClub;
				INFOPLIST_KEY_LSApplicationCategoryType = "public.app-category.finance";
				"INFOPLIST_KEY_UIApplicationSceneManifest_Generation[sdk=iphoneos*]" = YES;
				"INFOPLIST_KEY_UIApplicationSceneManifest_Generation[sdk=iphonesimulator*]" = YES;
				"INFOPLIST_KEY_UIApplicationSupportsIndirectInputEvents[sdk=iphoneos*]" = YES;
				"INFOPLIST_KEY_UIApplicationSupportsIndirectInputEvents[sdk=iphonesimulator*]" = YES;
				"INFOPLIST_KEY_UILaunchScreen_Generation[sdk=iphoneos*]" = YES;
				"INFOPLIST_KEY_UILaunchScreen_Generation[sdk=iphonesimulator*]" = YES;
				"INFOPLIST_KEY_UIStatusBarStyle[sdk=iphoneos*]" = UIStatusBarStyleDefault;
				"INFOPLIST_KEY_UIStatusBarStyle[sdk=iphonesimulator*]" = UIStatusBarStyleDefault;
				INFOPLIST_KEY_UISupportedInterfaceOrientations_iPad = "UIInterfaceOrientationPortrait UIInterfaceOrientationPortraitUpsideDown UIInterfaceOrientationLandscapeLeft UIInterfaceOrientationLandscapeRight";
				INFOPLIST_KEY_UISupportedInterfaceOrientations_iPhone = "UIInterfaceOrientationPortrait UIInterfaceOrientationLandscapeLeft UIInterfaceOrientationLandscapeRight";
				IPHONEOS_DEPLOYMENT_TARGET = 16.0;
				LD_RUNPATH_SEARCH_PATHS = "@executable_path/Frameworks";
				"LD_RUNPATH_SEARCH_PATHS[sdk=macosx*]" = "@executable_path/../Frameworks";
				MACOSX_DEPLOYMENT_TARGET = 12.3;
				MARKETING_VERSION = 1.0;
				PRODUCT_BUNDLE_IDENTIFIER = com.coinclub.CoinClub;
				PRODUCT_NAME = "$(TARGET_NAME)";
				PROVISIONING_PROFILE_SPECIFIER = "";
				SDKROOT = auto;
				SUPPORTED_PLATFORMS = "iphoneos iphonesimulator macosx";
				SWIFT_EMIT_LOC_STRINGS = YES;
				SWIFT_VERSION = 5.0;
				TARGETED_DEVICE_FAMILY = "1,2";
			};
			name = Debug;
		};
		D35D366629037FFF0045B942 /* Release */ = {
			isa = XCBuildConfiguration;
			buildSettings = {
				ASSETCATALOG_COMPILER_APPICON_NAME = AppIcon;
				ASSETCATALOG_COMPILER_GLOBAL_ACCENT_COLOR_NAME = AccentColor;
				CODE_SIGN_ENTITLEMENTS = CoinClubCrypto/CoinClubCrypto.entitlements;
				CODE_SIGN_IDENTITY = "Apple Development";
				CODE_SIGN_STYLE = Automatic;
				CURRENT_PROJECT_VERSION = 1;
				DEVELOPMENT_ASSET_PATHS = "\"CoinClubCrypto/Preview Content\"";
				DEVELOPMENT_TEAM = 4LU2RYBLDG;
				ENABLE_HARDENED_RUNTIME = YES;
				ENABLE_PREVIEWS = YES;
				GENERATE_INFOPLIST_FILE = YES;
				INFOPLIST_KEY_CFBundleDisplayName = CoinClub;
				INFOPLIST_KEY_LSApplicationCategoryType = "public.app-category.finance";
				"INFOPLIST_KEY_UIApplicationSceneManifest_Generation[sdk=iphoneos*]" = YES;
				"INFOPLIST_KEY_UIApplicationSceneManifest_Generation[sdk=iphonesimulator*]" = YES;
				"INFOPLIST_KEY_UIApplicationSupportsIndirectInputEvents[sdk=iphoneos*]" = YES;
				"INFOPLIST_KEY_UIApplicationSupportsIndirectInputEvents[sdk=iphonesimulator*]" = YES;
				"INFOPLIST_KEY_UILaunchScreen_Generation[sdk=iphoneos*]" = YES;
				"INFOPLIST_KEY_UILaunchScreen_Generation[sdk=iphonesimulator*]" = YES;
				"INFOPLIST_KEY_UIStatusBarStyle[sdk=iphoneos*]" = UIStatusBarStyleDefault;
				"INFOPLIST_KEY_UIStatusBarStyle[sdk=iphonesimulator*]" = UIStatusBarStyleDefault;
				INFOPLIST_KEY_UISupportedInterfaceOrientations_iPad = "UIInterfaceOrientationPortrait UIInterfaceOrientationPortraitUpsideDown UIInterfaceOrientationLandscapeLeft UIInterfaceOrientationLandscapeRight";
				INFOPLIST_KEY_UISupportedInterfaceOrientations_iPhone = "UIInterfaceOrientationPortrait UIInterfaceOrientationLandscapeLeft UIInterfaceOrientationLandscapeRight";
				IPHONEOS_DEPLOYMENT_TARGET = 16.0;
				LD_RUNPATH_SEARCH_PATHS = "@executable_path/Frameworks";
				"LD_RUNPATH_SEARCH_PATHS[sdk=macosx*]" = "@executable_path/../Frameworks";
				MACOSX_DEPLOYMENT_TARGET = 12.3;
				MARKETING_VERSION = 1.0;
				PRODUCT_BUNDLE_IDENTIFIER = com.coinclub.CoinClub;
				PRODUCT_NAME = "$(TARGET_NAME)";
				PROVISIONING_PROFILE_SPECIFIER = "";
				SDKROOT = auto;
				SUPPORTED_PLATFORMS = "iphoneos iphonesimulator macosx";
				SWIFT_EMIT_LOC_STRINGS = YES;
				SWIFT_VERSION = 5.0;
				TARGETED_DEVICE_FAMILY = "1,2";
			};
			name = Release;
		};
/* End XCBuildConfiguration section */

/* Begin XCConfigurationList section */
		D35D365029037FFC0045B942 /* Build configuration list for PBXProject "CoinClubCrypto" */ = {
			isa = XCConfigurationList;
			buildConfigurations = (
				D35D366229037FFF0045B942 /* Debug */,
				D35D366329037FFF0045B942 /* Release */,
			);
			defaultConfigurationIsVisible = 0;
			defaultConfigurationName = Release;
		};
		D35D366429037FFF0045B942 /* Build configuration list for PBXNativeTarget "CoinClubCrypto" */ = {
			isa = XCConfigurationList;
			buildConfigurations = (
				D35D366529037FFF0045B942 /* Debug */,
				D35D366629037FFF0045B942 /* Release */,
			);
			defaultConfigurationIsVisible = 0;
			defaultConfigurationName = Release;
		};
/* End XCConfigurationList section */

/* Begin XCVersionGroup section */
		66626743290DA65400FECA26 /* onStore.xcdatamodeld */ = {
			isa = XCVersionGroup;
			children = (
				66626744290DA65400FECA26 /* walletDB.xcdatamodel */,
			);
			currentVersion = 66626744290DA65400FECA26 /* walletDB.xcdatamodel */;
			path = onStore.xcdatamodeld;
			sourceTree = "<group>";
			versionGroupType = wrapper.xcdatamodel;
		};
/* End XCVersionGroup section */
	};
	rootObject = D35D364D29037FFC0045B942 /* Project object */;
}
